{
  "projects": [
    {
      "projectId": "sDj2ruLAFhmZZDvF4NRj4P",
      "version": "latest",
      "dependencies": {},
      "lang": "ts",
      "fileLocks": [
        {
          "type": "globalVariant",
          "assetId": "olgiJM424T",
          "checksum": "93d2dd9770a9ae8bcde0e85a4fa9c4e3"
        },
        {
          "type": "renderModule",
          "assetId": "YuNIUFK68v",
          "checksum": "86930c3cd2a49c5d8917b935e6ff9af2"
        },
        {
          "type": "cssRules",
          "assetId": "YuNIUFK68v",
          "checksum": "86930c3cd2a49c5d8917b935e6ff9af2"
        },
        {
          "assetId": "sDj2ruLAFhmZZDvF4NRj4P",
          "type": "projectCss",
          "checksum": "04659e41bc9d88a98332473c0d4b552f"
        },
        {
          "type": "icon",
          "assetId": "QbZN-31JvC",
          "checksum": "3ef18c7d074dad21d35d3a4f4d1ac197"
        }
      ]
    }
  ],
  "cliVersion": "0.1.161"
}
